
Microsoft Visual Studio Solution File, Format Version 12.00
# Visual Studio Version 17
VisualStudioVersion = 17.10.35013.160
MinimumVisualStudioVersion = 10.0.40219.1
Project("{FAE04EC0-301F-11D3-BF4B-00C04F79EFBC}") = "RWA-Project", "RWA-Project\RWA-Project.csproj", "{4AA74A4D-4532-4A27-9164-BFC0C179B04E}"
EndProject
Project("{FAE04EC0-301F-11D3-BF4B-00C04F79EFBC}") = "ModelMenza", "ModelMenza\ModelMenza.csproj", "{A9904EBD-48A7-4192-84C2-435F63A8FC66}"
EndProject
Project("{FAE04EC0-301F-11D3-BF4B-00C04F79EFBC}") = "DataAccessToProjectMenza", "DataAccessToProjectMenza\DataAccessToProjectMenza.csproj", "{0F9C3F5E-4FA0-4D3E-B31A-C3CB0885F9B7}"
EndProject
Global
	GlobalSection(SolutionConfigurationPlatforms) = preSolution
		Debug|Any CPU = Debug|Any CPU
		Release|Any CPU = Release|Any CPU
	EndGlobalSection
	GlobalSection(ProjectConfigurationPlatforms) = postSolution
		{4AA74A4D-4532-4A27-9164-BFC0C179B04E}.Debug|Any CPU.ActiveCfg = Debug|Any CPU
		{4AA74A4D-4532-4A27-9164-BFC0C179B04E}.Debug|Any CPU.Build.0 = Debug|Any CPU
		{4AA74A4D-4532-4A27-9164-BFC0C179B04E}.Release|Any CPU.ActiveCfg = Release|Any CPU
		{4AA74A4D-4532-4A27-9164-BFC0C179B04E}.Release|Any CPU.Build.0 = Release|Any CPU
		{A9904EBD-48A7-4192-84C2-435F63A8FC66}.Debug|Any CPU.ActiveCfg = Debug|Any CPU
		{A9904EBD-48A7-4192-84C2-435F63A8FC66}.Debug|Any CPU.Build.0 = Debug|Any CPU
		{A9904EBD-48A7-4192-84C2-435F63A8FC66}.Release|Any CPU.ActiveCfg = Release|Any CPU
		{A9904EBD-48A7-4192-84C2-435F63A8FC66}.Release|Any CPU.Build.0 = Release|Any CPU
		{0F9C3F5E-4FA0-4D3E-B31A-C3CB0885F9B7}.Debug|Any CPU.ActiveCfg = Debug|Any CPU
		{0F9C3F5E-4FA0-4D3E-B31A-C3CB0885F9B7}.Debug|Any CPU.Build.0 = Debug|Any CPU
		{0F9C3F5E-4FA0-4D3E-B31A-C3CB0885F9B7}.Release|Any CPU.ActiveCfg = Release|Any CPU
		{0F9C3F5E-4FA0-4D3E-B31A-C3CB0885F9B7}.Release|Any CPU.Build.0 = Release|Any CPU
	EndGlobalSection
	GlobalSection(SolutionProperties) = preSolution
		HideSolutionNode = FALSE
	EndGlobalSection
	GlobalSection(ExtensibilityGlobals) = postSolution
		SolutionGuid = {7774CC3A-1445-4243-9CC9-1306D41651F4}
	EndGlobalSection
EndGlobal
